{
  "requires": true,
  "lockfileVersion": 1,
  "dependencies": {
    "@vue/devtools-api": {
      "version": "6.0.0-beta.10",
      "resolved": "https://registry.npmjs.org/@vue/devtools-api/-/devtools-api-6.0.0-beta.10.tgz",
      "integrity": "sha512-nktQYRnIFrh4DdXiCBjHnsHOMZXDIVcP9qlm/DMfxmjJMtpMGrSZCOKP8j7kDhObNHyqlicwoGLd+a4hf4x9ww=="
    },
    "vue-router": {
      "version": "4.0.8",
      "resolved": "https://registry.npmjs.org/vue-router/-/vue-router-4.0.8.tgz",
      "integrity": "sha512-42mWSQaH7CCBQDspQTHv63f34VEnZC20g9QNK4WJ/zW8SdIUeT6TQ2i/78fjF/pVBUPLBWrGhvB7uDnaz7O/pA==",
      "requires": {
        "@vue/devtools-api": "^6.0.0-beta.10"
      }
    }
  }
}
